{
    "_readme": [
        "This file locks the dependencies of your project to a known state",
        "Read more about it at https://getcomposer.org/doc/01-basic-usage.md#installing-dependencies",
        "This file is @generated automatically"
    ],
    "content-hash": "f4193e6d4af185da2df7d1db91e11b1e",
    "packages": [
        {
            "name": "tarohida/tarohida",
            "version": "dev-main",
            "source": {
                "type": "git",
                "url": "https://github.com/tarohida/composer_publish_lib.git",
                "reference": "f15f171308743ed6de9b6a02157c999ed8170091"
            },
            "dist": {
                "type": "zip",
                "url": "https://api.github.com/repos/tarohida/composer_publish_lib/zipball/f15f171308743ed6de9b6a02157c999ed8170091",
                "reference": "f15f171308743ed6de9b6a02157c999ed8170091",
                "shasum": ""
            },
            "require-dev": {
                "phpunit/phpunit": "*"
            },
            "type": "library",
            "autoload": {
                "psr-4": {
                    "Tarohida\\Tarohida\\": "src/Tarohida/Tarohida/"
                }
            },
            "notification-url": "https://packagist.org/downloads/",
            "license": [
                "MIT"
            ],
            "authors": [
                {
                    "name": "Taro Hida",
                    "email": "sk8trou@gmail.com"
                }
            ],
            "description": "composer publish test",
            "homepage": "https://github.com/tarohida/composer_publish_lib",
            "keywords": [
                "sample"
            ],
            "time": "2020-10-20T07:16:38+00:00"
        }
    ],
    "packages-dev": [],
    "aliases": [],
    "minimum-stability": "stable",
    "stability-flags": {
        "tarohida/tarohida": 20
    },
    "prefer-stable": false,
    "prefer-lowest": false,
    "platform": [],
    "platform-dev": [],
    "plugin-api-version": "1.1.0"
}
